
Microsoft Visual Studio Solution File, Format Version 12.00
# Visual Studio Version 17
VisualStudioVersion = 17.9.34622.214
MinimumVisualStudioVersion = 10.0.40219.1
Project("{9A19103F-16F7-4668-BE54-9A1E7A4F7556}") = "BackgroundJobs.WorkerServiceTemplate", "BackgroundJobs.WorkerServiceTemplate\BackgroundJobs.WorkerServiceTemplate.csproj", "{D91622FF-929B-4CAC-81BE-509B9E08E746}"
EndProject
Project("{FAE04EC0-301F-11D3-BF4B-00C04F79EFBC}") = "BackgroundJobs.HostedService", "BackgroundJobs.HostedService\BackgroundJobs.HostedService.csproj", "{AA9711AF-3235-458E-8D63-DCC3EB761669}"
EndProject
Global
	GlobalSection(SolutionConfigurationPlatforms) = preSolution
		Debug|Any CPU = Debug|Any CPU
		Release|Any CPU = Release|Any CPU
	EndGlobalSection
	GlobalSection(ProjectConfigurationPlatforms) = postSolution
		{D91622FF-929B-4CAC-81BE-509B9E08E746}.Debug|Any CPU.ActiveCfg = Debug|Any CPU
		{D91622FF-929B-4CAC-81BE-509B9E08E746}.Debug|Any CPU.Build.0 = Debug|Any CPU
		{D91622FF-929B-4CAC-81BE-509B9E08E746}.Release|Any CPU.ActiveCfg = Release|Any CPU
		{D91622FF-929B-4CAC-81BE-509B9E08E746}.Release|Any CPU.Build.0 = Release|Any CPU
		{AA9711AF-3235-458E-8D63-DCC3EB761669}.Debug|Any CPU.ActiveCfg = Debug|Any CPU
		{AA9711AF-3235-458E-8D63-DCC3EB761669}.Debug|Any CPU.Build.0 = Debug|Any CPU
		{AA9711AF-3235-458E-8D63-DCC3EB761669}.Release|Any CPU.ActiveCfg = Release|Any CPU
		{AA9711AF-3235-458E-8D63-DCC3EB761669}.Release|Any CPU.Build.0 = Release|Any CPU
	EndGlobalSection
	GlobalSection(SolutionProperties) = preSolution
		HideSolutionNode = FALSE
	EndGlobalSection
	GlobalSection(ExtensibilityGlobals) = postSolution
		SolutionGuid = {82B9F523-45FA-4EEB-868A-23A14F7E4FA0}
	EndGlobalSection
EndGlobal
